// !$*UTF8*$!
{
	archiveVersion = 1;
	classes = {
	};
	objectVersion = 48;
	objects = {

/* Begin PBXBuildFile section */
		393BA52F1FC602FE00AFF2AA /* StoreKit.framework in Frameworks */ = {isa = PBXBuildFile; fileRef = 393BA52E1FC602FE00AFF2AA /* StoreKit.framework */; };
		39735DC31FC46B3F00F16C9B /* UnityAds.framework in Frameworks */ = {isa = PBXBuildFile; fileRef = 39735DC21FC46B3F00F16C9B /* UnityAds.framework */; };
		398BA6DE1FC3478100068823 /* AppDelegate.swift in Sources */ = {isa = PBXBuildFile; fileRef = 398BA6DD1FC3478100068823 /* AppDelegate.swift */; };
		398BA6E01FC3478100068823 /* ViewController.swift in Sources */ = {isa = PBXBuildFile; fileRef = 398BA6DF1FC3478100068823 /* ViewController.swift */; };
		398BA6E31FC3478100068823 /* Main.storyboard in Resources */ = {isa = PBXBuildFile; fileRef = 398BA6E11FC3478100068823 /* Main.storyboard */; };
		398BA6E51FC3478100068823 /* Assets.xcassets in Resources */ = {isa = PBXBuildFile; fileRef = 398BA6E41FC3478100068823 /* Assets.xcassets */; };
		398BA6F11FC3555500068823 /* www in Resources */ = {isa = PBXBuildFile; fileRef = 398BA6F01FC3555500068823 /* www */; };
/* End PBXBuildFile section */

/* Begin PBXFileReference section */
		393BA52C1FC602FC00AFF2AA /* hybridapp.entitlements */ = {isa = PBXFileReference; lastKnownFileType = text.plist.entitlements; path = hybridapp.entitlements; sourceTree = "<group>"; };
		393BA52E1FC602FE00AFF2AA /* StoreKit.framework */ = {isa = PBXFileReference; lastKnownFileType = wrapper.framework; name = StoreKit.framework; path = System/Library/Frameworks/StoreKit.framework; sourceTree = SDKROOT; };
		39735DC21FC46B3F00F16C9B /* UnityAds.framework */ = {isa = PBXFileReference; lastKnownFileType = wrapper.framework; path = UnityAds.framework; sourceTree = "<group>"; };
		398BA6DA1FC3478100068823 /* hybridapp.app */ = {isa = PBXFileReference; explicitFileType = wrapper.application; includeInIndex = 0; path = hybridapp.app; sourceTree = BUILT_PRODUCTS_DIR; };
		398BA6DD1FC3478100068823 /* AppDelegate.swift */ = {isa = PBXFileReference; lastKnownFileType = sourcecode.swift; path = AppDelegate.swift; sourceTree = "<group>"; };
		398BA6DF1FC3478100068823 /* ViewController.swift */ = {isa = PBXFileReference; lastKnownFileType = sourcecode.swift; path = ViewController.swift; sourceTree = "<group>"; };
		398BA6E21FC3478100068823 /* Base */ = {isa = PBXFileReference; lastKnownFileType = file.storyboard; name = Base; path = Base.lproj/Main.storyboard; sourceTree = "<group>"; };
		398BA6E41FC3478100068823 /* Assets.xcassets */ = {isa = PBXFileReference; lastKnownFileType = folder.assetcatalog; path = Assets.xcassets; sourceTree = "<group>"; };
		398BA6E91FC3478100068823 /* Info.plist */ = {isa = PBXFileReference; lastKnownFileType = text.plist.xml; path = Info.plist; sourceTree = "<group>"; };
		398BA6F01FC3555500068823 /* www */ = {isa = PBXFileReference; lastKnownFileType = folder; path = www; sourceTree = "<group>"; };
		A7005E9BD748529E0D310AA9 /* Pods-hybridapp.release.xcconfig */ = {isa = PBXFileReference; includeInIndex = 1; lastKnownFileType = text.xcconfig; name = "Pods-hybridapp.release.xcconfig"; path = "Pods/Target Support Files/Pods-hybridapp/Pods-hybridapp.release.xcconfig"; sourceTree = "<group>"; };
		B1B1E92BC4B5BC9D044532D1 /* Pods-hybridapp.debug.xcconfig */ = {isa = PBXFileReference; includeInIndex = 1; lastKnownFileType = text.xcconfig; name = "Pods-hybridapp.debug.xcconfig"; path = "Pods/Target Support Files/Pods-hybridapp/Pods-hybridapp.debug.xcconfig"; sourceTree = "<group>"; };
		DC09FB9601B35AD3AAE3CCE2 /* libPods-hybridapp.a */ = {isa = PBXFileReference; explicitFileType = archive.ar; includeInIndex = 0; path = "libPods-hybridapp.a"; sourceTree = BUILT_PRODUCTS_DIR; };
/* End PBXFileReference section */

/* Begin PBXFrameworksBuildPhase section */
		398BA6D71FC3478100068823 /* Frameworks */ = {
			isa = PBXFrameworksBuildPhase;
			buildActionMask = 2147483647;
			files = (
				39735DC31FC46B3F00F16C9B /* UnityAds.framework in Frameworks */,
				393BA52F1FC602FE00AFF2AA /* StoreKit.framework in Frameworks */,
			);
			runOnlyForDeploymentPostprocessing = 0;
		};
/* End PBXFrameworksBuildPhase section */

/* Begin PBXGroup section */
		163FD7D74F9C220F1DFF633E /* Pods */ = {
			isa = PBXGroup;
			children = (
				B1B1E92BC4B5BC9D044532D1 /* Pods-hybridapp.debug.xcconfig */,
				A7005E9BD748529E0D310AA9 /* Pods-hybridapp.release.xcconfig */,
			);
			name = Pods;
			sourceTree = "<group>";
		};
		393BA52D1FC602FE00AFF2AA /* Frameworks */ = {
			isa = PBXGroup;
			children = (
				393BA52E1FC602FE00AFF2AA /* StoreKit.framework */,
				DC09FB9601B35AD3AAE3CCE2 /* libPods-hybridapp.a */,
			);
			name = Frameworks;
			sourceTree = "<group>";
		};
		398BA6D11FC3478100068823 = {
			isa = PBXGroup;
			children = (
				398BA6DC1FC3478100068823 /* hybridapp */,
				398BA6DB1FC3478100068823 /* Products */,
				393BA52D1FC602FE00AFF2AA /* Frameworks */,
				163FD7D74F9C220F1DFF633E /* Pods */,
			);
			sourceTree = "<group>";
		};
		398BA6DB1FC3478100068823 /* Products */ = {
			isa = PBXGroup;
			children = (
				398BA6DA1FC3478100068823 /* hybridapp.app */,
			);
			name = Products;
			sourceTree = "<group>";
		};
		398BA6DC1FC3478100068823 /* hybridapp */ = {
			isa = PBXGroup;
			children = (
				393BA52C1FC602FC00AFF2AA /* hybridapp.entitlements */,
				39735DC21FC46B3F00F16C9B /* UnityAds.framework */,
				398BA6DD1FC3478100068823 /* AppDelegate.swift */,
				398BA6DF1FC3478100068823 /* ViewController.swift */,
				398BA6E11FC3478100068823 /* Main.storyboard */,
				398BA6E41FC3478100068823 /* Assets.xcassets */,
				398BA6E91FC3478100068823 /* Info.plist */,
				398BA6F01FC3555500068823 /* www */,
			);
			path = hybridapp;
			sourceTree = "<group>";
		};
/* End PBXGroup section */

/* Begin PBXNativeTarget section */
		398BA6D91FC3478100068823 /* hybridapp */ = {
			isa = PBXNativeTarget;
			buildConfigurationList = 398BA6EC1FC3478100068823 /* Build configuration list for PBXNativeTarget "hybridapp" */;
			buildPhases = (
				281417C08C8236C0F7CE6565 /* [CP] Check Pods Manifest.lock */,
				398BA6D61FC3478100068823 /* Sources */,
				398BA6D71FC3478100068823 /* Frameworks */,
				398BA6D81FC3478100068823 /* Resources */,
			);
			buildRules = (
			);
			dependencies = (
			);
			name = hybridapp;
			productName = hybridapp;
			productReference = 398BA6DA1FC3478100068823 /* hybridapp.app */;
			productType = "com.apple.product-type.application";
		};
/* End PBXNativeTarget section */

/* Begin PBXProject section */
		398BA6D21FC3478100068823 /* Project object */ = {
			isa = PBXProject;
			attributes = {
				LastSwiftUpdateCheck = 0910;
				LastUpgradeCheck = 0940;
				ORGANIZATIONNAME = YJ;
				TargetAttributes = {
					398BA6D91FC3478100068823 = {
						CreatedOnToolsVersion = 9.1;
						LastSwiftMigration = 1010;
						ProvisioningStyle = Automatic;
						SystemCapabilities = {
							com.apple.InAppPurchase = {
								enabled = 1;
							};
							com.apple.Push = {
								enabled = 1;
							};
						};
					};
				};
			};
			buildConfigurationList = 398BA6D51FC3478100068823 /* Build configuration list for PBXProject "hybridapp" */;
			compatibilityVersion = "Xcode 8.0";
			developmentRegion = en;
			hasScannedForEncodings = 0;
			knownRegions = (
				en,
				Base,
			);
			mainGroup = 398BA6D11FC3478100068823;
			productRefGroup = 398BA6DB1FC3478100068823 /* Products */;
			projectDirPath = "";
			projectRoot = "";
			targets = (
				398BA6D91FC3478100068823 /* hybridapp */,
			);
		};
/* End PBXProject section */

/* Begin PBXResourcesBuildPhase section */
		398BA6D81FC3478100068823 /* Resources */ = {
			isa = PBXResourcesBuildPhase;
			buildActionMask = 2147483647;
			files = (
				398BA6F11FC3555500068823 /* www in Resources */,
				398BA6E51FC3478100068823 /* Assets.xcassets in Resources */,
				398BA6E31FC3478100068823 /* Main.storyboard in Resources */,
			);
			runOnlyForDeploymentPostprocessing = 0;
		};
/* End PBXResourcesBuildPhase section */

/* Begin PBXShellScriptBuildPhase section */
		281417C08C8236C0F7CE6565 /* [CP] Check Pods Manifest.lock */ = {
			isa = PBXShellScriptBuildPhase;
			buildActionMask = 2147483647;
			files = (
			);
			inputPaths = (
				"${PODS_PODFILE_DIR_PATH}/Podfile.lock",
				"${PODS_ROOT}/Manifest.lock",
			);
			name = "[CP] Check Pods Manifest.lock";
			outputPaths = (
				"$(DERIVED_FILE_DIR)/Pods-hybridapp-checkManifestLockResult.txt",
			);
			runOnlyForDeploymentPostprocessing = 0;
			shellPath = /bin/sh;
			shellScript = "diff \"${PODS_PODFILE_DIR_PATH}/Podfile.lock\" \"${PODS_ROOT}/Manifest.lock\" > /dev/null\nif [ $? != 0 ] ; then\n    # print error to STDERR\n    echo \"error: The sandbox is not in sync with the Podfile.lock. Run 'pod install' or update your CocoaPods installation.\" >&2\n    exit 1\nfi\n# This output is used by Xcode 'outputs' to avoid re-running this script phase.\necho \"SUCCESS\" > \"${SCRIPT_OUTPUT_FILE_0}\"\n";
			showEnvVarsInLog = 0;
		};
/* End PBXShellScriptBuildPhase section */

/* Begin PBXSourcesBuildPhase section */
		398BA6D61FC3478100068823 /* Sources */ = {
			isa = PBXSourcesBuildPhase;
			buildActionMask = 2147483647;
			files = (
				398BA6E01FC3478100068823 /* ViewController.swift in Sources */,
				398BA6DE1FC3478100068823 /* AppDelegate.swift in Sources */,
			);
			runOnlyForDeploymentPostprocessing = 0;
		};
/* End PBXSourcesBuildPhase section */

/* Begin PBXVariantGroup section */
		398BA6E11FC3478100068823 /* Main.storyboard */ = {
			isa = PBXVariantGroup;
			children = (
				398BA6E21FC3478100068823 /* Base */,
			);
			name = Main.storyboard;
			sourceTree = "<group>";
		};
/* End PBXVariantGroup section */

/* Begin XCBuildConfiguration section */
		398BA6EA1FC3478100068823 /* Debug */ = {
			isa = XCBuildConfiguration;
			buildSettings = {
				ALWAYS_SEARCH_USER_PATHS = NO;
				CLANG_ANALYZER_NONNULL = YES;
				CLANG_ANALYZER_NUMBER_OBJECT_CONVERSION = YES_AGGRESSIVE;
				CLANG_CXX_LANGUAGE_STANDARD = "gnu++14";
				CLANG_CXX_LIBRARY = "libc++";
				CLANG_ENABLE_MODULES = YES;
				CLANG_ENABLE_OBJC_ARC = YES;
				CLANG_WARN_BLOCK_CAPTURE_AUTORELEASING = YES;
				CLANG_WARN_BOOL_CONVERSION = YES;
				CLANG_WARN_COMMA = YES;
				CLANG_WARN_CONSTANT_CONVERSION = YES;
				CLANG_WARN_DEPRECATED_OBJC_IMPLEMENTATIONS = YES;
				CLANG_WARN_DIRECT_OBJC_ISA_USAGE = YES_ERROR;
				CLANG_WARN_DOCUMENTATION_COMMENTS = YES;
				CLANG_WARN_EMPTY_BODY = YES;
				CLANG_WARN_ENUM_CONVERSION = YES;
				CLANG_WARN_INFINITE_RECURSION = YES;
				CLANG_WARN_INT_CONVERSION = YES;
				CLANG_WARN_NON_LITERAL_NULL_CONVERSION = YES;
				CLANG_WARN_OBJC_IMPLICIT_RETAIN_SELF = YES;
				CLANG_WARN_OBJC_LITERAL_CONVERSION = YES;
				CLANG_WARN_OBJC_ROOT_CLASS = YES_ERROR;
				CLANG_WARN_RANGE_LOOP_ANALYSIS = YES;
				CLANG_WARN_STRICT_PROTOTYPES = YES;
				CLANG_WARN_SUSPICIOUS_MOVE = YES;
				CLANG_WARN_UNGUARDED_AVAILABILITY = YES_AGGRESSIVE;
				CLANG_WARN_UNREACHABLE_CODE = YES;
				CLANG_WARN__DUPLICATE_METHOD_MATCH = YES;
				CODE_SIGN_IDENTITY = "iPhone Developer";
				COPY_PHASE_STRIP = NO;
				DEBUG_INFORMATION_FORMAT = dwarf;
				ENABLE_STRICT_OBJC_MSGSEND = YES;
				ENABLE_TESTABILITY = YES;
				GCC_C_LANGUAGE_STANDARD = gnu11;
				GCC_DYNAMIC_NO_PIC = NO;
				GCC_NO_COMMON_BLOCKS = YES;
				GCC_OPTIMIZATION_LEVEL = 0;
				GCC_PREPROCESSOR_DEFINITIONS = (
					"DEBUG=1",
					"$(inherited)",
				);
				GCC_WARN_64_TO_32_BIT_CONVERSION = YES;
				GCC_WARN_ABOUT_RETURN_TYPE = YES_ERROR;
				GCC_WARN_UNDECLARED_SELECTOR = YES;
				GCC_WARN_UNINITIALIZED_AUTOS = YES_AGGRESSIVE;
				GCC_WARN_UNUSED_FUNCTION = YES;
				GCC_WARN_UNUSED_VARIABLE = YES;
				IPHONEOS_DEPLOYMENT_TARGET = 11.0;
				MTL_ENABLE_DEBUG_INFO = YES;
				ONLY_ACTIVE_ARCH = YES;
				SDKROOT = iphoneos;
				SWIFT_ACTIVE_COMPILATION_CONDITIONS = DEBUG;
				SWIFT_OPTIMIZATION_LEVEL = "-Onone";
			};
			name = Debug;
		};
		398BA6EB1FC3478100068823 /* Release */ = {
			isa = XCBuildConfiguration;
			buildSettings = {
				ALWAYS_SEARCH_USER_PATHS = NO;
				CLANG_ANALYZER_NONNULL = YES;
				CLANG_ANALYZER_NUMBER_OBJECT_CONVERSION = YES_AGGRESSIVE;
				CLANG_CXX_LANGUAGE_STANDARD = "gnu++14";
				CLANG_CXX_LIBRARY = "libc++";
				CLANG_ENABLE_MODULES = YES;
				CLANG_ENABLE_OBJC_ARC = YES;
				CLANG_WARN_BLOCK_CAPTURE_AUTORELEASING = YES;
				CLANG_WARN_BOOL_CONVERSION = YES;
				CLANG_WARN_COMMA = YES;
				CLANG_WARN_CONSTANT_CONVERSION = YES;
				CLANG_WARN_DEPRECATED_OBJC_IMPLEMENTATIONS = YES;
				CLANG_WARN_DIRECT_OBJC_ISA_USAGE = YES_ERROR;
				CLANG_WARN_DOCUMENTATION_COMMENTS = YES;
				CLANG_WARN_EMPTY_BODY = YES;
				CLANG_WARN_ENUM_CONVERSION = YES;
				CLANG_WARN_INFINITE_RECURSION = YES;
				CLANG_WARN_INT_CONVERSION = YES;
				CLANG_WARN_NON_LITERAL_NULL_CONVERSION = YES;
				CLANG_WARN_OBJC_IMPLICIT_RETAIN_SELF = YES;
				CLANG_WARN_OBJC_LITERAL_CONVERSION = YES;
				CLANG_WARN_OBJC_ROOT_CLASS = YES_ERROR;
				CLANG_WARN_RANGE_LOOP_ANALYSIS = YES;
				CLANG_WARN_STRICT_PROTOTYPES = YES;
				CLANG_WARN_SUSPICIOUS_MOVE = YES;
				CLANG_WARN_UNGUARDED_AVAILABILITY = YES_AGGRESSIVE;
				CLANG_WARN_UNREACHABLE_CODE = YES;
				CLANG_WARN__DUPLICATE_METHOD_MATCH = YES;
				CODE_SIGN_IDENTITY = "iPhone Developer";
				COPY_PHASE_STRIP = NO;
				DEBUG_INFORMATION_FORMAT = "dwarf-with-dsym";
				ENABLE_NS_ASSERTIONS = NO;
				ENABLE_STRICT_OBJC_MSGSEND = YES;
				GCC_C_LANGUAGE_STANDARD = gnu11;
				GCC_NO_COMMON_BLOCKS = YES;
				GCC_WARN_64_TO_32_BIT_CONVERSION = YES;
				GCC_WARN_ABOUT_RETURN_TYPE = YES_ERROR;
				GCC_WARN_UNDECLARED_SELECTOR = YES;
				GCC_WARN_UNINITIALIZED_AUTOS = YES_AGGRESSIVE;
				GCC_WARN_UNUSED_FUNCTION = YES;
				GCC_WARN_UNUSED_VARIABLE = YES;
				IPHONEOS_DEPLOYMENT_TARGET = 11.0;
				MTL_ENABLE_DEBUG_INFO = NO;
				SDKROOT = iphoneos;
				SWIFT_OPTIMIZATION_LEVEL = "-Owholemodule";
				VALIDATE_PRODUCT = YES;
			};
			name = Release;
		};
		398BA6ED1FC3478100068823 /* Debug */ = {
			isa = XCBuildConfiguration;
			baseConfigurationReference = B1B1E92BC4B5BC9D044532D1 /* Pods-hybridapp.debug.xcconfig */;
			buildSettings = {
				ASSETCATALOG_COMPILER_APPICON_NAME = AppIcon;
				CODE_SIGN_ENTITLEMENTS = hybridapp/hybridapp.entitlements;
				CODE_SIGN_STYLE = Automatic;
				DEVELOPMENT_TEAM = Z6AV4BT9ZT;
				FRAMEWORK_SEARCH_PATHS = (
					"$(inherited)",
					"$(PROJECT_DIR)/hybridapp",
				);
				INFOPLIST_FILE = hybridapp/Info.plist;
				LD_RUNPATH_SEARCH_PATHS = "$(inherited) @executable_path/Frameworks";
				PRODUCT_BUNDLE_IDENTIFIER = co.hanul.hybridapp;
				PRODUCT_NAME = "$(TARGET_NAME)";
				SWIFT_VERSION = 4.2;
				TARGETED_DEVICE_FAMILY = "1,2";
			};
			name = Debug;
		};
		398BA6EE1FC3478100068823 /* Release */ = {
			isa = XCBuildConfiguration;
			baseConfigurationReference = A7005E9BD748529E0D310AA9 /* Pods-hybridapp.release.xcconfig */;
			buildSettings = {
				ASSETCATALOG_COMPILER_APPICON_NAME = AppIcon;
				CODE_SIGN_ENTITLEMENTS = hybridapp/hybridapp.entitlements;
				CODE_SIGN_STYLE = Automatic;
				DEVELOPMENT_TEAM = Z6AV4BT9ZT;
				FRAMEWORK_SEARCH_PATHS = (
					"$(inherited)",
					"$(PROJECT_DIR)/hybridapp",
				);
				INFOPLIST_FILE = hybridapp/Info.plist;
				LD_RUNPATH_SEARCH_PATHS = "$(inherited) @executable_path/Frameworks";
				PRODUCT_BUNDLE_IDENTIFIER = co.hanul.hybridapp;
				PRODUCT_NAME = "$(TARGET_NAME)";
				SWIFT_VERSION = 4.2;
				TARGETED_DEVICE_FAMILY = "1,2";
			};
			name = Release;
		};
/* End XCBuildConfiguration section */

/* Begin XCConfigurationList section */
		398BA6D51FC3478100068823 /* Build configuration list for PBXProject "hybridapp" */ = {
			isa = XCConfigurationList;
			buildConfigurations = (
				398BA6EA1FC3478100068823 /* Debug */,
				398BA6EB1FC3478100068823 /* Release */,
			);
			defaultConfigurationIsVisible = 0;
			defaultConfigurationName = Release;
		};
		398BA6EC1FC3478100068823 /* Build configuration list for PBXNativeTarget "hybridapp" */ = {
			isa = XCConfigurationList;
			buildConfigurations = (
				398BA6ED1FC3478100068823 /* Debug */,
				398BA6EE1FC3478100068823 /* Release */,
			);
			defaultConfigurationIsVisible = 0;
			defaultConfigurationName = Release;
		};
/* End XCConfigurationList section */
	};
	rootObject = 398BA6D21FC3478100068823 /* Project object */;
}
